
Microsoft Visual Studio Solution File, Format Version 11.00
# Visual Studio 2010
Project("{FAE04EC0-301F-11D3-BF4B-00C04F79EFBC}") = "ClipUpload3", "ClipUpload3\ClipUpload3.csproj", "{38B2CAB1-15D9-43C9-B853-ADAE7D4DEF58}"
EndProject
Project("{FAE04EC0-301F-11D3-BF4B-00C04F79EFBC}") = "Imgur", "Imgur\Imgur.csproj", "{8AE54AD6-3736-4370-8459-FEB33350F66A}"
EndProject
Project("{FAE04EC0-301F-11D3-BF4B-00C04F79EFBC}") = "Pastebin", "Pastebin\Pastebin.csproj", "{E57EF9E2-3216-437B-A360-0600FCE78079}"
EndProject
Project("{FAE04EC0-301F-11D3-BF4B-00C04F79EFBC}") = "FTP", "FTP\FTP.csproj", "{3254DCD2-7AFA-4E56-ADBD-C463460D3214}"
EndProject
Project("{FAE04EC0-301F-11D3-BF4B-00C04F79EFBC}") = "Dropbox", "Dropbox\Dropbox.csproj", "{4C72A271-2B4E-4496-A87C-85EDFB2D1E94}"
EndProject
Project("{FAE04EC0-301F-11D3-BF4B-00C04F79EFBC}") = "Snaggy", "Snaggy\Snaggy.csproj", "{B2BD9DAC-3CC3-4D8A-9291-CB8A98ED4849}"
EndProject
Project("{FAE04EC0-301F-11D3-BF4B-00C04F79EFBC}") = "AddonHelper", "AddonHelper\AddonHelper.csproj", "{DB155373-2AC1-4988-99AB-312DF5F157F4}"
EndProject
Project("{FAE04EC0-301F-11D3-BF4B-00C04F79EFBC}") = "PostHttp", "PostHttp\PostHttp.csproj", "{9BD8EA5C-A851-411E-BF45-3B9AE5094225}"
EndProject
Project("{FAE04EC0-301F-11D3-BF4B-00C04F79EFBC}") = "TestAddon", "TestAddon\TestAddon.csproj", "{CD673CF4-3CB6-425A-B6AD-AA0082A5FBE4}"
EndProject
Project("{FAE04EC0-301F-11D3-BF4B-00C04F79EFBC}") = "GlobalHook", "..\..\Documents\Magic Briefcase\Projects\GlobalHook\GlobalHook\GlobalHook.csproj", "{F52AA97E-180A-40ED-8F2B-09080171D6C7}"
EndProject
Project("{FAE04EC0-301F-11D3-BF4B-00C04F79EFBC}") = "Facebook", "Facebook\Facebook.csproj", "{6D085CBF-3BD3-4400-97BA-67CC0281BE86}"
EndProject
Project("{FAE04EC0-301F-11D3-BF4B-00C04F79EFBC}") = "Updater", "Updater\Updater.csproj", "{39E0249E-801A-4EA3-8E67-755926607018}"
EndProject
Global
	GlobalSection(SolutionConfigurationPlatforms) = preSolution
		Debug|Any CPU = Debug|Any CPU
		Debug|Mixed Platforms = Debug|Mixed Platforms
		Debug|x64 = Debug|x64
		Debug|x86 = Debug|x86
		Release|Any CPU = Release|Any CPU
		Release|Mixed Platforms = Release|Mixed Platforms
		Release|x64 = Release|x64
		Release|x86 = Release|x86
	EndGlobalSection
	GlobalSection(ProjectConfigurationPlatforms) = postSolution
		{38B2CAB1-15D9-43C9-B853-ADAE7D4DEF58}.Debug|Any CPU.ActiveCfg = Debug|x86
		{38B2CAB1-15D9-43C9-B853-ADAE7D4DEF58}.Debug|Mixed Platforms.ActiveCfg = Debug|x86
		{38B2CAB1-15D9-43C9-B853-ADAE7D4DEF58}.Debug|Mixed Platforms.Build.0 = Debug|x86
		{38B2CAB1-15D9-43C9-B853-ADAE7D4DEF58}.Debug|x64.ActiveCfg = Debug|x86
		{38B2CAB1-15D9-43C9-B853-ADAE7D4DEF58}.Debug|x86.ActiveCfg = Debug|x86
		{38B2CAB1-15D9-43C9-B853-ADAE7D4DEF58}.Debug|x86.Build.0 = Debug|x86
		{38B2CAB1-15D9-43C9-B853-ADAE7D4DEF58}.Release|Any CPU.ActiveCfg = Release|x86
		{38B2CAB1-15D9-43C9-B853-ADAE7D4DEF58}.Release|Mixed Platforms.ActiveCfg = Release|x86
		{38B2CAB1-15D9-43C9-B853-ADAE7D4DEF58}.Release|Mixed Platforms.Build.0 = Release|x86
		{38B2CAB1-15D9-43C9-B853-ADAE7D4DEF58}.Release|x64.ActiveCfg = Release|x86
		{38B2CAB1-15D9-43C9-B853-ADAE7D4DEF58}.Release|x86.ActiveCfg = Release|x86
		{38B2CAB1-15D9-43C9-B853-ADAE7D4DEF58}.Release|x86.Build.0 = Release|x86
		{8AE54AD6-3736-4370-8459-FEB33350F66A}.Debug|Any CPU.ActiveCfg = Debug|Any CPU
		{8AE54AD6-3736-4370-8459-FEB33350F66A}.Debug|Any CPU.Build.0 = Debug|Any CPU
		{8AE54AD6-3736-4370-8459-FEB33350F66A}.Debug|Mixed Platforms.ActiveCfg = Debug|Any CPU
		{8AE54AD6-3736-4370-8459-FEB33350F66A}.Debug|Mixed Platforms.Build.0 = Debug|Any CPU
		{8AE54AD6-3736-4370-8459-FEB33350F66A}.Debug|x64.ActiveCfg = Debug|Any CPU
		{8AE54AD6-3736-4370-8459-FEB33350F66A}.Debug|x86.ActiveCfg = Debug|Any CPU
		{8AE54AD6-3736-4370-8459-FEB33350F66A}.Release|Any CPU.ActiveCfg = Release|Any CPU
		{8AE54AD6-3736-4370-8459-FEB33350F66A}.Release|Any CPU.Build.0 = Release|Any CPU
		{8AE54AD6-3736-4370-8459-FEB33350F66A}.Release|Mixed Platforms.ActiveCfg = Release|Any CPU
		{8AE54AD6-3736-4370-8459-FEB33350F66A}.Release|Mixed Platforms.Build.0 = Release|Any CPU
		{8AE54AD6-3736-4370-8459-FEB33350F66A}.Release|x64.ActiveCfg = Release|Any CPU
		{8AE54AD6-3736-4370-8459-FEB33350F66A}.Release|x86.ActiveCfg = Release|Any CPU
		{E57EF9E2-3216-437B-A360-0600FCE78079}.Debug|Any CPU.ActiveCfg = Debug|Any CPU
		{E57EF9E2-3216-437B-A360-0600FCE78079}.Debug|Any CPU.Build.0 = Debug|Any CPU
		{E57EF9E2-3216-437B-A360-0600FCE78079}.Debug|Mixed Platforms.ActiveCfg = Debug|Any CPU
		{E57EF9E2-3216-437B-A360-0600FCE78079}.Debug|Mixed Platforms.Build.0 = Debug|Any CPU
		{E57EF9E2-3216-437B-A360-0600FCE78079}.Debug|x64.ActiveCfg = Debug|Any CPU
		{E57EF9E2-3216-437B-A360-0600FCE78079}.Debug|x86.ActiveCfg = Debug|Any CPU
		{E57EF9E2-3216-437B-A360-0600FCE78079}.Release|Any CPU.ActiveCfg = Release|Any CPU
		{E57EF9E2-3216-437B-A360-0600FCE78079}.Release|Any CPU.Build.0 = Release|Any CPU
		{E57EF9E2-3216-437B-A360-0600FCE78079}.Release|Mixed Platforms.ActiveCfg = Release|Any CPU
		{E57EF9E2-3216-437B-A360-0600FCE78079}.Release|Mixed Platforms.Build.0 = Release|Any CPU
		{E57EF9E2-3216-437B-A360-0600FCE78079}.Release|x64.ActiveCfg = Release|Any CPU
		{E57EF9E2-3216-437B-A360-0600FCE78079}.Release|x86.ActiveCfg = Release|Any CPU
		{3254DCD2-7AFA-4E56-ADBD-C463460D3214}.Debug|Any CPU.ActiveCfg = Debug|Any CPU
		{3254DCD2-7AFA-4E56-ADBD-C463460D3214}.Debug|Any CPU.Build.0 = Debug|Any CPU
		{3254DCD2-7AFA-4E56-ADBD-C463460D3214}.Debug|Mixed Platforms.ActiveCfg = Debug|Any CPU
		{3254DCD2-7AFA-4E56-ADBD-C463460D3214}.Debug|Mixed Platforms.Build.0 = Debug|Any CPU
		{3254DCD2-7AFA-4E56-ADBD-C463460D3214}.Debug|x64.ActiveCfg = Debug|Any CPU
		{3254DCD2-7AFA-4E56-ADBD-C463460D3214}.Debug|x86.ActiveCfg = Debug|Any CPU
		{3254DCD2-7AFA-4E56-ADBD-C463460D3214}.Release|Any CPU.ActiveCfg = Release|Any CPU
		{3254DCD2-7AFA-4E56-ADBD-C463460D3214}.Release|Any CPU.Build.0 = Release|Any CPU
		{3254DCD2-7AFA-4E56-ADBD-C463460D3214}.Release|Mixed Platforms.ActiveCfg = Release|Any CPU
		{3254DCD2-7AFA-4E56-ADBD-C463460D3214}.Release|Mixed Platforms.Build.0 = Release|Any CPU
		{3254DCD2-7AFA-4E56-ADBD-C463460D3214}.Release|x64.ActiveCfg = Release|Any CPU
		{3254DCD2-7AFA-4E56-ADBD-C463460D3214}.Release|x86.ActiveCfg = Release|Any CPU
		{4C72A271-2B4E-4496-A87C-85EDFB2D1E94}.Debug|Any CPU.ActiveCfg = Debug|Any CPU
		{4C72A271-2B4E-4496-A87C-85EDFB2D1E94}.Debug|Any CPU.Build.0 = Debug|Any CPU
		{4C72A271-2B4E-4496-A87C-85EDFB2D1E94}.Debug|Mixed Platforms.ActiveCfg = Debug|Any CPU
		{4C72A271-2B4E-4496-A87C-85EDFB2D1E94}.Debug|Mixed Platforms.Build.0 = Debug|Any CPU
		{4C72A271-2B4E-4496-A87C-85EDFB2D1E94}.Debug|x64.ActiveCfg = Debug|Any CPU
		{4C72A271-2B4E-4496-A87C-85EDFB2D1E94}.Debug|x86.ActiveCfg = Debug|Any CPU
		{4C72A271-2B4E-4496-A87C-85EDFB2D1E94}.Release|Any CPU.ActiveCfg = Release|Any CPU
		{4C72A271-2B4E-4496-A87C-85EDFB2D1E94}.Release|Any CPU.Build.0 = Release|Any CPU
		{4C72A271-2B4E-4496-A87C-85EDFB2D1E94}.Release|Mixed Platforms.ActiveCfg = Release|Any CPU
		{4C72A271-2B4E-4496-A87C-85EDFB2D1E94}.Release|Mixed Platforms.Build.0 = Release|Any CPU
		{4C72A271-2B4E-4496-A87C-85EDFB2D1E94}.Release|x64.ActiveCfg = Release|Any CPU
		{4C72A271-2B4E-4496-A87C-85EDFB2D1E94}.Release|x86.ActiveCfg = Release|Any CPU
		{B2BD9DAC-3CC3-4D8A-9291-CB8A98ED4849}.Debug|Any CPU.ActiveCfg = Debug|Any CPU
		{B2BD9DAC-3CC3-4D8A-9291-CB8A98ED4849}.Debug|Any CPU.Build.0 = Debug|Any CPU
		{B2BD9DAC-3CC3-4D8A-9291-CB8A98ED4849}.Debug|Mixed Platforms.ActiveCfg = Debug|Any CPU
		{B2BD9DAC-3CC3-4D8A-9291-CB8A98ED4849}.Debug|Mixed Platforms.Build.0 = Debug|Any CPU
		{B2BD9DAC-3CC3-4D8A-9291-CB8A98ED4849}.Debug|x64.ActiveCfg = Debug|Any CPU
		{B2BD9DAC-3CC3-4D8A-9291-CB8A98ED4849}.Debug|x86.ActiveCfg = Debug|Any CPU
		{B2BD9DAC-3CC3-4D8A-9291-CB8A98ED4849}.Release|Any CPU.ActiveCfg = Release|Any CPU
		{B2BD9DAC-3CC3-4D8A-9291-CB8A98ED4849}.Release|Any CPU.Build.0 = Release|Any CPU
		{B2BD9DAC-3CC3-4D8A-9291-CB8A98ED4849}.Release|Mixed Platforms.ActiveCfg = Release|Any CPU
		{B2BD9DAC-3CC3-4D8A-9291-CB8A98ED4849}.Release|Mixed Platforms.Build.0 = Release|Any CPU
		{B2BD9DAC-3CC3-4D8A-9291-CB8A98ED4849}.Release|x64.ActiveCfg = Release|Any CPU
		{B2BD9DAC-3CC3-4D8A-9291-CB8A98ED4849}.Release|x86.ActiveCfg = Release|Any CPU
		{DB155373-2AC1-4988-99AB-312DF5F157F4}.Debug|Any CPU.ActiveCfg = Debug|Any CPU
		{DB155373-2AC1-4988-99AB-312DF5F157F4}.Debug|Any CPU.Build.0 = Debug|Any CPU
		{DB155373-2AC1-4988-99AB-312DF5F157F4}.Debug|Mixed Platforms.ActiveCfg = Debug|Any CPU
		{DB155373-2AC1-4988-99AB-312DF5F157F4}.Debug|Mixed Platforms.Build.0 = Debug|Any CPU
		{DB155373-2AC1-4988-99AB-312DF5F157F4}.Debug|x64.ActiveCfg = Debug|Any CPU
		{DB155373-2AC1-4988-99AB-312DF5F157F4}.Debug|x86.ActiveCfg = Debug|Any CPU
		{DB155373-2AC1-4988-99AB-312DF5F157F4}.Release|Any CPU.ActiveCfg = Release|Any CPU
		{DB155373-2AC1-4988-99AB-312DF5F157F4}.Release|Any CPU.Build.0 = Release|Any CPU
		{DB155373-2AC1-4988-99AB-312DF5F157F4}.Release|Mixed Platforms.ActiveCfg = Release|Any CPU
		{DB155373-2AC1-4988-99AB-312DF5F157F4}.Release|Mixed Platforms.Build.0 = Release|Any CPU
		{DB155373-2AC1-4988-99AB-312DF5F157F4}.Release|x64.ActiveCfg = Release|Any CPU
		{DB155373-2AC1-4988-99AB-312DF5F157F4}.Release|x86.ActiveCfg = Release|Any CPU
		{9BD8EA5C-A851-411E-BF45-3B9AE5094225}.Debug|Any CPU.ActiveCfg = Debug|Any CPU
		{9BD8EA5C-A851-411E-BF45-3B9AE5094225}.Debug|Any CPU.Build.0 = Debug|Any CPU
		{9BD8EA5C-A851-411E-BF45-3B9AE5094225}.Debug|Mixed Platforms.ActiveCfg = Debug|Any CPU
		{9BD8EA5C-A851-411E-BF45-3B9AE5094225}.Debug|Mixed Platforms.Build.0 = Debug|Any CPU
		{9BD8EA5C-A851-411E-BF45-3B9AE5094225}.Debug|x64.ActiveCfg = Debug|Any CPU
		{9BD8EA5C-A851-411E-BF45-3B9AE5094225}.Debug|x86.ActiveCfg = Debug|Any CPU
		{9BD8EA5C-A851-411E-BF45-3B9AE5094225}.Release|Any CPU.ActiveCfg = Release|Any CPU
		{9BD8EA5C-A851-411E-BF45-3B9AE5094225}.Release|Any CPU.Build.0 = Release|Any CPU
		{9BD8EA5C-A851-411E-BF45-3B9AE5094225}.Release|Mixed Platforms.ActiveCfg = Release|Any CPU
		{9BD8EA5C-A851-411E-BF45-3B9AE5094225}.Release|Mixed Platforms.Build.0 = Release|Any CPU
		{9BD8EA5C-A851-411E-BF45-3B9AE5094225}.Release|x64.ActiveCfg = Release|Any CPU
		{9BD8EA5C-A851-411E-BF45-3B9AE5094225}.Release|x86.ActiveCfg = Release|Any CPU
		{CD673CF4-3CB6-425A-B6AD-AA0082A5FBE4}.Debug|Any CPU.ActiveCfg = Debug|Any CPU
		{CD673CF4-3CB6-425A-B6AD-AA0082A5FBE4}.Debug|Any CPU.Build.0 = Debug|Any CPU
		{CD673CF4-3CB6-425A-B6AD-AA0082A5FBE4}.Debug|Mixed Platforms.ActiveCfg = Debug|Any CPU
		{CD673CF4-3CB6-425A-B6AD-AA0082A5FBE4}.Debug|Mixed Platforms.Build.0 = Debug|Any CPU
		{CD673CF4-3CB6-425A-B6AD-AA0082A5FBE4}.Debug|x64.ActiveCfg = Debug|Any CPU
		{CD673CF4-3CB6-425A-B6AD-AA0082A5FBE4}.Debug|x86.ActiveCfg = Debug|Any CPU
		{CD673CF4-3CB6-425A-B6AD-AA0082A5FBE4}.Release|Any CPU.ActiveCfg = Release|Any CPU
		{CD673CF4-3CB6-425A-B6AD-AA0082A5FBE4}.Release|Any CPU.Build.0 = Release|Any CPU
		{CD673CF4-3CB6-425A-B6AD-AA0082A5FBE4}.Release|Mixed Platforms.ActiveCfg = Release|Any CPU
		{CD673CF4-3CB6-425A-B6AD-AA0082A5FBE4}.Release|Mixed Platforms.Build.0 = Release|Any CPU
		{CD673CF4-3CB6-425A-B6AD-AA0082A5FBE4}.Release|x64.ActiveCfg = Release|Any CPU
		{CD673CF4-3CB6-425A-B6AD-AA0082A5FBE4}.Release|x86.ActiveCfg = Release|Any CPU
		{F52AA97E-180A-40ED-8F2B-09080171D6C7}.Debug|Any CPU.ActiveCfg = Debug|Any CPU
		{F52AA97E-180A-40ED-8F2B-09080171D6C7}.Debug|Any CPU.Build.0 = Debug|Any CPU
		{F52AA97E-180A-40ED-8F2B-09080171D6C7}.Debug|Mixed Platforms.ActiveCfg = Debug|x64
		{F52AA97E-180A-40ED-8F2B-09080171D6C7}.Debug|Mixed Platforms.Build.0 = Debug|x64
		{F52AA97E-180A-40ED-8F2B-09080171D6C7}.Debug|x64.ActiveCfg = Debug|x64
		{F52AA97E-180A-40ED-8F2B-09080171D6C7}.Debug|x64.Build.0 = Debug|x64
		{F52AA97E-180A-40ED-8F2B-09080171D6C7}.Debug|x86.ActiveCfg = Debug|x86
		{F52AA97E-180A-40ED-8F2B-09080171D6C7}.Debug|x86.Build.0 = Debug|x86
		{F52AA97E-180A-40ED-8F2B-09080171D6C7}.Release|Any CPU.ActiveCfg = Release|Any CPU
		{F52AA97E-180A-40ED-8F2B-09080171D6C7}.Release|Any CPU.Build.0 = Release|Any CPU
		{F52AA97E-180A-40ED-8F2B-09080171D6C7}.Release|Mixed Platforms.ActiveCfg = Release|x64
		{F52AA97E-180A-40ED-8F2B-09080171D6C7}.Release|Mixed Platforms.Build.0 = Release|x64
		{F52AA97E-180A-40ED-8F2B-09080171D6C7}.Release|x64.ActiveCfg = Release|x64
		{F52AA97E-180A-40ED-8F2B-09080171D6C7}.Release|x64.Build.0 = Release|x64
		{F52AA97E-180A-40ED-8F2B-09080171D6C7}.Release|x86.ActiveCfg = Release|x86
		{F52AA97E-180A-40ED-8F2B-09080171D6C7}.Release|x86.Build.0 = Release|x86
		{6D085CBF-3BD3-4400-97BA-67CC0281BE86}.Debug|Any CPU.ActiveCfg = Debug|Any CPU
		{6D085CBF-3BD3-4400-97BA-67CC0281BE86}.Debug|Any CPU.Build.0 = Debug|Any CPU
		{6D085CBF-3BD3-4400-97BA-67CC0281BE86}.Debug|Mixed Platforms.ActiveCfg = Debug|Any CPU
		{6D085CBF-3BD3-4400-97BA-67CC0281BE86}.Debug|Mixed Platforms.Build.0 = Debug|Any CPU
		{6D085CBF-3BD3-4400-97BA-67CC0281BE86}.Debug|x64.ActiveCfg = Debug|Any CPU
		{6D085CBF-3BD3-4400-97BA-67CC0281BE86}.Debug|x86.ActiveCfg = Debug|Any CPU
		{6D085CBF-3BD3-4400-97BA-67CC0281BE86}.Release|Any CPU.ActiveCfg = Release|Any CPU
		{6D085CBF-3BD3-4400-97BA-67CC0281BE86}.Release|Any CPU.Build.0 = Release|Any CPU
		{6D085CBF-3BD3-4400-97BA-67CC0281BE86}.Release|Mixed Platforms.ActiveCfg = Release|Any CPU
		{6D085CBF-3BD3-4400-97BA-67CC0281BE86}.Release|Mixed Platforms.Build.0 = Release|Any CPU
		{6D085CBF-3BD3-4400-97BA-67CC0281BE86}.Release|x64.ActiveCfg = Release|Any CPU
		{6D085CBF-3BD3-4400-97BA-67CC0281BE86}.Release|x86.ActiveCfg = Release|Any CPU
		{39E0249E-801A-4EA3-8E67-755926607018}.Debug|Any CPU.ActiveCfg = Debug|x86
		{39E0249E-801A-4EA3-8E67-755926607018}.Debug|Mixed Platforms.ActiveCfg = Debug|x86
		{39E0249E-801A-4EA3-8E67-755926607018}.Debug|Mixed Platforms.Build.0 = Debug|x86
		{39E0249E-801A-4EA3-8E67-755926607018}.Debug|x64.ActiveCfg = Debug|x86
		{39E0249E-801A-4EA3-8E67-755926607018}.Debug|x86.ActiveCfg = Debug|x86
		{39E0249E-801A-4EA3-8E67-755926607018}.Debug|x86.Build.0 = Debug|x86
		{39E0249E-801A-4EA3-8E67-755926607018}.Release|Any CPU.ActiveCfg = Release|x86
		{39E0249E-801A-4EA3-8E67-755926607018}.Release|Mixed Platforms.ActiveCfg = Release|x86
		{39E0249E-801A-4EA3-8E67-755926607018}.Release|Mixed Platforms.Build.0 = Release|x86
		{39E0249E-801A-4EA3-8E67-755926607018}.Release|x64.ActiveCfg = Release|x86
		{39E0249E-801A-4EA3-8E67-755926607018}.Release|x86.ActiveCfg = Release|x86
		{39E0249E-801A-4EA3-8E67-755926607018}.Release|x86.Build.0 = Release|x86
	EndGlobalSection
	GlobalSection(SolutionProperties) = preSolution
		HideSolutionNode = FALSE
	EndGlobalSection
EndGlobal
