
Microsoft Visual Studio Solution File, Format Version 11.00
# Visual Studio 2010
Project("{FAE04EC0-301F-11D3-BF4B-00C04F79EFBC}") = "S3", "S3.csproj", "{CA21A2C2-1D45-42A1-949F-50BBD9CF8FCA}"
EndProject
Global
	GlobalSection(SolutionConfigurationPlatforms) = preSolution
		Debug|Any CPU = Debug|Any CPU
		Release|Any CPU = Release|Any CPU
	EndGlobalSection
	GlobalSection(ProjectConfigurationPlatforms) = postSolution
		{CA21A2C2-1D45-42A1-949F-50BBD9CF8FCA}.Debug|Any CPU.ActiveCfg = Debug|Any CPU
		{CA21A2C2-1D45-42A1-949F-50BBD9CF8FCA}.Debug|Any CPU.Build.0 = Debug|Any CPU
		{CA21A2C2-1D45-42A1-949F-50BBD9CF8FCA}.Release|Any CPU.ActiveCfg = Release|Any CPU
		{CA21A2C2-1D45-42A1-949F-50BBD9CF8FCA}.Release|Any CPU.Build.0 = Release|Any CPU
	EndGlobalSection
	GlobalSection(SolutionProperties) = preSolution
		HideSolutionNode = FALSE
	EndGlobalSection
EndGlobal
